
Microsoft Visual Studio Solution File, Format Version 12.00
# Visual Studio Version 16
VisualStudioVersion = 16.0.30114.105
MinimumVisualStudioVersion = 10.0.40219.1
Project("{FAE04EC0-301F-11D3-BF4B-00C04F79EFBC}") = "ProjetoRedeHoteis.Lib", "ProjetoRedeHoteis.Lib\ProjetoRedeHoteis.Lib.csproj", "{BAED48AD-9ACB-4D95-A07B-9241CA880710}"
EndProject
Project("{FAE04EC0-301F-11D3-BF4B-00C04F79EFBC}") = "ProjetoRedeHoteis.Web", "ProjetoRedeHoteis.Web\ProjetoRedeHoteis.Web.csproj", "{75F39357-4A33-4235-8C48-7663C048C61E}"
EndProject
Project("{FAE04EC0-301F-11D3-BF4B-00C04F79EFBC}") = "ProjetoRedeHoteis.TesteUnitario", "ProjetoRedeHoteis.TesteUnitario\ProjetoRedeHoteis.TesteUnitario.csproj", "{1A3CCDB3-5E2A-414D-B269-E6B46FB1BD25}"
EndProject
Global
	GlobalSection(SolutionConfigurationPlatforms) = preSolution
		Debug|Any CPU = Debug|Any CPU
		Release|Any CPU = Release|Any CPU
	EndGlobalSection
	GlobalSection(SolutionProperties) = preSolution
		HideSolutionNode = FALSE
	EndGlobalSection
	GlobalSection(ProjectConfigurationPlatforms) = postSolution
		{BAED48AD-9ACB-4D95-A07B-9241CA880710}.Debug|Any CPU.ActiveCfg = Debug|Any CPU
		{BAED48AD-9ACB-4D95-A07B-9241CA880710}.Debug|Any CPU.Build.0 = Debug|Any CPU
		{BAED48AD-9ACB-4D95-A07B-9241CA880710}.Release|Any CPU.ActiveCfg = Release|Any CPU
		{BAED48AD-9ACB-4D95-A07B-9241CA880710}.Release|Any CPU.Build.0 = Release|Any CPU
		{75F39357-4A33-4235-8C48-7663C048C61E}.Debug|Any CPU.ActiveCfg = Debug|Any CPU
		{75F39357-4A33-4235-8C48-7663C048C61E}.Debug|Any CPU.Build.0 = Debug|Any CPU
		{75F39357-4A33-4235-8C48-7663C048C61E}.Release|Any CPU.ActiveCfg = Release|Any CPU
		{75F39357-4A33-4235-8C48-7663C048C61E}.Release|Any CPU.Build.0 = Release|Any CPU
		{1A3CCDB3-5E2A-414D-B269-E6B46FB1BD25}.Debug|Any CPU.ActiveCfg = Debug|Any CPU
		{1A3CCDB3-5E2A-414D-B269-E6B46FB1BD25}.Debug|Any CPU.Build.0 = Debug|Any CPU
		{1A3CCDB3-5E2A-414D-B269-E6B46FB1BD25}.Release|Any CPU.ActiveCfg = Release|Any CPU
		{1A3CCDB3-5E2A-414D-B269-E6B46FB1BD25}.Release|Any CPU.Build.0 = Release|Any CPU
	EndGlobalSection
EndGlobal
